
Microsoft Visual Studio Solution File, Format Version 12.00
# Visual Studio 15
VisualStudioVersion = 15.0.26430.12
MinimumVisualStudioVersion = 10.0.40219.1
Project("{FAE04EC0-301F-11D3-BF4B-00C04F79EFBC}") = "ShortUrl", "ShortUrl\ShortUrl.csproj", "{03EB822A-84F3-4294-B634-C5A7C5D4933C}"
EndProject
Project("{FAE04EC0-301F-11D3-BF4B-00C04F79EFBC}") = "DataBase", "DataBase\DataBase.csproj", "{7ED4F16F-8741-4D49-905D-EA53AFA6D8C2}"
EndProject
Project("{FAE04EC0-301F-11D3-BF4B-00C04F79EFBC}") = "Interfaces", "Interfaces\Interfaces.csproj", "{D0E4DB96-CE6F-4FE8-AC92-AFA45460B99E}"
EndProject
Project("{FAE04EC0-301F-11D3-BF4B-00C04F79EFBC}") = "Services", "Services\Services.csproj", "{8516A710-5435-44FA-8184-9B3F369DB926}"
EndProject
Project("{FAE04EC0-301F-11D3-BF4B-00C04F79EFBC}") = "MyModels", "MyModels\MyModels.csproj", "{4219371C-4488-4787-9CC2-6453910A774B}"
EndProject
Global
	GlobalSection(SolutionConfigurationPlatforms) = preSolution
		Debug|Any CPU = Debug|Any CPU
		Release|Any CPU = Release|Any CPU
	EndGlobalSection
	GlobalSection(ProjectConfigurationPlatforms) = postSolution
		{03EB822A-84F3-4294-B634-C5A7C5D4933C}.Debug|Any CPU.ActiveCfg = Debug|Any CPU
		{03EB822A-84F3-4294-B634-C5A7C5D4933C}.Debug|Any CPU.Build.0 = Debug|Any CPU
		{03EB822A-84F3-4294-B634-C5A7C5D4933C}.Release|Any CPU.ActiveCfg = Release|Any CPU
		{03EB822A-84F3-4294-B634-C5A7C5D4933C}.Release|Any CPU.Build.0 = Release|Any CPU
		{7ED4F16F-8741-4D49-905D-EA53AFA6D8C2}.Debug|Any CPU.ActiveCfg = Debug|Any CPU
		{7ED4F16F-8741-4D49-905D-EA53AFA6D8C2}.Debug|Any CPU.Build.0 = Debug|Any CPU
		{7ED4F16F-8741-4D49-905D-EA53AFA6D8C2}.Release|Any CPU.ActiveCfg = Release|Any CPU
		{7ED4F16F-8741-4D49-905D-EA53AFA6D8C2}.Release|Any CPU.Build.0 = Release|Any CPU
		{D0E4DB96-CE6F-4FE8-AC92-AFA45460B99E}.Debug|Any CPU.ActiveCfg = Debug|Any CPU
		{D0E4DB96-CE6F-4FE8-AC92-AFA45460B99E}.Debug|Any CPU.Build.0 = Debug|Any CPU
		{D0E4DB96-CE6F-4FE8-AC92-AFA45460B99E}.Release|Any CPU.ActiveCfg = Release|Any CPU
		{D0E4DB96-CE6F-4FE8-AC92-AFA45460B99E}.Release|Any CPU.Build.0 = Release|Any CPU
		{8516A710-5435-44FA-8184-9B3F369DB926}.Debug|Any CPU.ActiveCfg = Debug|Any CPU
		{8516A710-5435-44FA-8184-9B3F369DB926}.Debug|Any CPU.Build.0 = Debug|Any CPU
		{8516A710-5435-44FA-8184-9B3F369DB926}.Release|Any CPU.ActiveCfg = Release|Any CPU
		{8516A710-5435-44FA-8184-9B3F369DB926}.Release|Any CPU.Build.0 = Release|Any CPU
		{4219371C-4488-4787-9CC2-6453910A774B}.Debug|Any CPU.ActiveCfg = Debug|Any CPU
		{4219371C-4488-4787-9CC2-6453910A774B}.Debug|Any CPU.Build.0 = Debug|Any CPU
		{4219371C-4488-4787-9CC2-6453910A774B}.Release|Any CPU.ActiveCfg = Release|Any CPU
		{4219371C-4488-4787-9CC2-6453910A774B}.Release|Any CPU.Build.0 = Release|Any CPU
	EndGlobalSection
	GlobalSection(SolutionProperties) = preSolution
		HideSolutionNode = FALSE
	EndGlobalSection
EndGlobal
